
Microsoft Visual Studio Solution File, Format Version 12.00
# Visual Studio 2012
Project("{FAE04EC0-301F-11D3-BF4B-00C04F79EFBC}") = "Nighthawk", "Nighthawk\Nighthawk.csproj", "{B77605C1-6479-42D8-AD09-3D84D54E781E}"
EndProject
Project("{2150E333-8FDC-42A3-9474-1A3956D46DE8}") = "Windows", "Windows", "{D259482E-C37E-498E-8438-73506DF1CD3C}"
EndProject
Global
	GlobalSection(SolutionConfigurationPlatforms) = preSolution
		Debug|Any CPU = Debug|Any CPU
		Debug|Mixed Platforms = Debug|Mixed Platforms
		Debug|x86 = Debug|x86
		Release|Any CPU = Release|Any CPU
		Release|Mixed Platforms = Release|Mixed Platforms
		Release|x86 = Release|x86
	EndGlobalSection
	GlobalSection(ProjectConfigurationPlatforms) = postSolution
		{B77605C1-6479-42D8-AD09-3D84D54E781E}.Debug|Any CPU.ActiveCfg = Debug|x86
		{B77605C1-6479-42D8-AD09-3D84D54E781E}.Debug|Mixed Platforms.ActiveCfg = Debug|x86
		{B77605C1-6479-42D8-AD09-3D84D54E781E}.Debug|Mixed Platforms.Build.0 = Debug|x86
		{B77605C1-6479-42D8-AD09-3D84D54E781E}.Debug|x86.ActiveCfg = Debug|x86
		{B77605C1-6479-42D8-AD09-3D84D54E781E}.Debug|x86.Build.0 = Debug|x86
		{B77605C1-6479-42D8-AD09-3D84D54E781E}.Release|Any CPU.ActiveCfg = Release|x86
		{B77605C1-6479-42D8-AD09-3D84D54E781E}.Release|Mixed Platforms.ActiveCfg = Release|x86
		{B77605C1-6479-42D8-AD09-3D84D54E781E}.Release|Mixed Platforms.Build.0 = Release|x86
		{B77605C1-6479-42D8-AD09-3D84D54E781E}.Release|x86.ActiveCfg = Release|x86
		{B77605C1-6479-42D8-AD09-3D84D54E781E}.Release|x86.Build.0 = Release|x86
	EndGlobalSection
	GlobalSection(SolutionProperties) = preSolution
		HideSolutionNode = FALSE
	EndGlobalSection
	GlobalSection(NestedProjects) = preSolution
		{B77605C1-6479-42D8-AD09-3D84D54E781E} = {D259482E-C37E-498E-8438-73506DF1CD3C}
	EndGlobalSection
EndGlobal
